{
  "name": "ui-component",
  "version": "0.0.7",
  "lockfileVersion": 1,
  "requires": true,
  "dependencies": {
    "form-util": {
      "version": "0.0.5",
      "resolved": "https://registry.npmjs.org/form-util/-/form-util-0.0.5.tgz",
      "integrity": "sha512-AwASIlyJOvvQ9dtGPpGxwfkgviS5HGiU4woaF1efvvpQ2MNfBMUMhPcZNSue88EXJb2K7zgnXz+lD99GvzSdAA=="
    },
    "metadata-x": {
      "version": "0.0.4",
      "resolved": "https://registry.npmjs.org/metadata-x/-/metadata-x-0.0.4.tgz",
      "integrity": "sha512-MZX6vyOL4/HX/71mlx6S7hoWHNGwsRPKsXNcmtx4HcwmEaEc/OLejzu/GRnsJnJTXrovrEprLpXKpc1m1YQS4Q=="
    },
    "model-formatter": {
      "version": "0.0.4",
      "resolved": "https://registry.npmjs.org/model-formatter/-/model-formatter-0.0.4.tgz",
      "integrity": "sha512-v8UCIVXC8/hamfT69MqInTOpCYiblzMJLN0VbQ3zO+MLgmZTI90ZfCLF6LBXv7AnqeOXgJ/GLAmaB80ECdyMSQ=="
    },
    "reflectx": {
      "version": "0.0.9",
      "resolved": "https://registry.npmjs.org/reflectx/-/reflectx-0.0.9.tgz",
      "integrity": "sha512-cLKeeGDhzkACVPCO0UnL/dwzxdlF1SKjSKOJ/oZan+jQt5O1bW7RS/vBMqFAJvGLNM4DMgdSPsc0+zX3CTcSlg=="
    },
    "search-utilities": {
      "version": "0.0.5",
      "resolved": "https://registry.npmjs.org/search-utilities/-/search-utilities-0.0.5.tgz",
      "integrity": "sha512-WKUvU7ZIqFzQkhKBOfzadaJ5tVgqfqYtpHJKUHCeHvUWxP6vOMj8hf+alAHHgJDvjrx9/lpq6m0+ZZ1jn/V1Sw=="
    },
    "typescript": {
      "version": "3.8.3",
      "resolved": "https://registry.npmjs.org/typescript/-/typescript-3.8.3.tgz",
      "integrity": "sha512-MYlEfn5VrLNsgudQTVJeNaQFUAI7DkhnOjdpAp4T+ku1TfQClewlbSuTVHiA+8skNBgaf02TL/kLOvig4y3G8w==",
      "dev": true
    }
  }
}
